
Microsoft Visual Studio Solution File, Format Version 12.00
# Visual Studio Version 17
VisualStudioVersion = 17.11.35222.181
MinimumVisualStudioVersion = 10.0.40219.1
Project("{FAE04EC0-301F-11D3-BF4B-00C04F79EFBC}") = "AlbumCatalog.UI", "AlbumCatalog.UI\AlbumCatalog.UI.csproj", "{6C514684-45F6-42F0-B56F-316B48AE1EE1}"
EndProject
Global
	GlobalSection(SolutionConfigurationPlatforms) = preSolution
		Debug|Any CPU = Debug|Any CPU
		Release|Any CPU = Release|Any CPU
	EndGlobalSection
	GlobalSection(ProjectConfigurationPlatforms) = postSolution
		{6C514684-45F6-42F0-B56F-316B48AE1EE1}.Debug|Any CPU.ActiveCfg = Debug|Any CPU
		{6C514684-45F6-42F0-B56F-316B48AE1EE1}.Debug|Any CPU.Build.0 = Debug|Any CPU
		{6C514684-45F6-42F0-B56F-316B48AE1EE1}.Release|Any CPU.ActiveCfg = Release|Any CPU
		{6C514684-45F6-42F0-B56F-316B48AE1EE1}.Release|Any CPU.Build.0 = Release|Any CPU
	EndGlobalSection
	GlobalSection(SolutionProperties) = preSolution
		HideSolutionNode = FALSE
	EndGlobalSection
	GlobalSection(ExtensibilityGlobals) = postSolution
		SolutionGuid = {4E299B2A-DE07-4199-97D5-44AB11B4292D}
	EndGlobalSection
EndGlobal
